
Microsoft Visual Studio Solution File, Format Version 12.00
# Visual Studio Version 16
VisualStudioVersion = 16.0.29509.3
MinimumVisualStudioVersion = 10.0.40219.1
Project("{9A19103F-16F7-4668-BE54-9A1E7A4F7556}") = "IrisSVMSecured", "IrisSVMSecured\IrisSVMSecured.csproj", "{BAA69801-01B6-4499-A2DD-FEAACE8A6A3F}"
	ProjectSection(ProjectDependencies) = postProject
		{92158F33-65F0-41E1-A804-C59DD51F9E11} = {92158F33-65F0-41E1-A804-C59DD51F9E11}
	EndProjectSection
EndProject
Project("{FAE04EC0-301F-11D3-BF4B-00C04F79EFBC}") = "PlainSVC", "PlainSVC\PlainSVC.csproj", "{AC419C58-BE90-4CE5-A7B7-AE6530500105}"
EndProject
Project("{9A19103F-16F7-4668-BE54-9A1E7A4F7556}") = "SecureSVC", "SecureSVC\SecureSVC.csproj", "{C0BD6D7B-AC1C-4D4D-9741-0BEF5929B1AB}"
	ProjectSection(ProjectDependencies) = postProject
		{92158F33-65F0-41E1-A804-C59DD51F9E11} = {92158F33-65F0-41E1-A804-C59DD51F9E11}
	EndProjectSection
EndProject
Project("{9A19103F-16F7-4668-BE54-9A1E7A4F7556}") = "IrisPlain", "IrisPlain\IrisPlain.csproj", "{C8F7BA6C-47AD-4AB5-B435-737741F48A20}"
	ProjectSection(ProjectDependencies) = postProject
		{AC419C58-BE90-4CE5-A7B7-AE6530500105} = {AC419C58-BE90-4CE5-A7B7-AE6530500105}
	EndProjectSection
EndProject
Project("{9A19103F-16F7-4668-BE54-9A1E7A4F7556}") = "IrisSecured", "IrisSecured\IrisSecured.csproj", "{72177D4B-1688-4BCA-A6CF-6ED5E9EF2A47}"
	ProjectSection(ProjectDependencies) = postProject
		{92158F33-65F0-41E1-A804-C59DD51F9E11} = {92158F33-65F0-41E1-A804-C59DD51F9E11}
	EndProjectSection
EndProject
Project("{9A19103F-16F7-4668-BE54-9A1E7A4F7556}") = "MashroomPlain", "MashroomPlain\MashroomPlain.csproj", "{D4CB8DA3-5940-410F-A26D-99B705E6D588}"
EndProject
Project("{FAE04EC0-301F-11D3-BF4B-00C04F79EFBC}") = "SVCUtilities", "SVCUtilities\SVCUtilities.csproj", "{92158F33-65F0-41E1-A804-C59DD51F9E11}"
EndProject
Project("{9A19103F-16F7-4668-BE54-9A1E7A4F7556}") = "MashroomSecured", "MashroomSecured\MashroomSecured.csproj", "{D61C0378-ECB3-435E-ADFB-C170EEFF6198}"
EndProject
Project("{FAE04EC0-301F-11D3-BF4B-00C04F79EFBC}") = "MushroomSVMSecured", "MushroomSVMSecured\MushroomSVMSecured.csproj", "{47E1E406-EC04-4318-B138-FDD578D684F0}"
EndProject
Global
	GlobalSection(SolutionConfigurationPlatforms) = preSolution
		Debug|Any CPU = Debug|Any CPU
		Release|Any CPU = Release|Any CPU
	EndGlobalSection
	GlobalSection(ProjectConfigurationPlatforms) = postSolution
		{BAA69801-01B6-4499-A2DD-FEAACE8A6A3F}.Debug|Any CPU.ActiveCfg = Debug|Any CPU
		{BAA69801-01B6-4499-A2DD-FEAACE8A6A3F}.Release|Any CPU.ActiveCfg = Release|Any CPU
		{BAA69801-01B6-4499-A2DD-FEAACE8A6A3F}.Release|Any CPU.Build.0 = Release|Any CPU
		{AC419C58-BE90-4CE5-A7B7-AE6530500105}.Debug|Any CPU.ActiveCfg = Debug|Any CPU
		{AC419C58-BE90-4CE5-A7B7-AE6530500105}.Debug|Any CPU.Build.0 = Debug|Any CPU
		{AC419C58-BE90-4CE5-A7B7-AE6530500105}.Release|Any CPU.ActiveCfg = Release|Any CPU
		{AC419C58-BE90-4CE5-A7B7-AE6530500105}.Release|Any CPU.Build.0 = Release|Any CPU
		{C0BD6D7B-AC1C-4D4D-9741-0BEF5929B1AB}.Debug|Any CPU.ActiveCfg = Debug|Any CPU
		{C0BD6D7B-AC1C-4D4D-9741-0BEF5929B1AB}.Debug|Any CPU.Build.0 = Debug|Any CPU
		{C0BD6D7B-AC1C-4D4D-9741-0BEF5929B1AB}.Release|Any CPU.ActiveCfg = Release|Any CPU
		{C0BD6D7B-AC1C-4D4D-9741-0BEF5929B1AB}.Release|Any CPU.Build.0 = Release|Any CPU
		{C8F7BA6C-47AD-4AB5-B435-737741F48A20}.Debug|Any CPU.ActiveCfg = Debug|Any CPU
		{C8F7BA6C-47AD-4AB5-B435-737741F48A20}.Debug|Any CPU.Build.0 = Debug|Any CPU
		{C8F7BA6C-47AD-4AB5-B435-737741F48A20}.Release|Any CPU.ActiveCfg = Release|Any CPU
		{C8F7BA6C-47AD-4AB5-B435-737741F48A20}.Release|Any CPU.Build.0 = Release|Any CPU
		{72177D4B-1688-4BCA-A6CF-6ED5E9EF2A47}.Debug|Any CPU.ActiveCfg = Debug|Any CPU
		{72177D4B-1688-4BCA-A6CF-6ED5E9EF2A47}.Debug|Any CPU.Build.0 = Debug|Any CPU
		{72177D4B-1688-4BCA-A6CF-6ED5E9EF2A47}.Release|Any CPU.ActiveCfg = Release|Any CPU
		{72177D4B-1688-4BCA-A6CF-6ED5E9EF2A47}.Release|Any CPU.Build.0 = Release|Any CPU
		{D4CB8DA3-5940-410F-A26D-99B705E6D588}.Debug|Any CPU.ActiveCfg = Debug|Any CPU
		{D4CB8DA3-5940-410F-A26D-99B705E6D588}.Debug|Any CPU.Build.0 = Debug|Any CPU
		{D4CB8DA3-5940-410F-A26D-99B705E6D588}.Release|Any CPU.ActiveCfg = Release|Any CPU
		{D4CB8DA3-5940-410F-A26D-99B705E6D588}.Release|Any CPU.Build.0 = Release|Any CPU
		{92158F33-65F0-41E1-A804-C59DD51F9E11}.Debug|Any CPU.ActiveCfg = Debug|Any CPU
		{92158F33-65F0-41E1-A804-C59DD51F9E11}.Debug|Any CPU.Build.0 = Debug|Any CPU
		{92158F33-65F0-41E1-A804-C59DD51F9E11}.Release|Any CPU.ActiveCfg = Release|Any CPU
		{92158F33-65F0-41E1-A804-C59DD51F9E11}.Release|Any CPU.Build.0 = Release|Any CPU
		{D61C0378-ECB3-435E-ADFB-C170EEFF6198}.Debug|Any CPU.ActiveCfg = Debug|Any CPU
		{D61C0378-ECB3-435E-ADFB-C170EEFF6198}.Debug|Any CPU.Build.0 = Debug|Any CPU
		{D61C0378-ECB3-435E-ADFB-C170EEFF6198}.Release|Any CPU.ActiveCfg = Release|Any CPU
		{D61C0378-ECB3-435E-ADFB-C170EEFF6198}.Release|Any CPU.Build.0 = Release|Any CPU
		{47E1E406-EC04-4318-B138-FDD578D684F0}.Debug|Any CPU.ActiveCfg = Debug|Any CPU
		{47E1E406-EC04-4318-B138-FDD578D684F0}.Debug|Any CPU.Build.0 = Debug|Any CPU
		{47E1E406-EC04-4318-B138-FDD578D684F0}.Release|Any CPU.ActiveCfg = Release|Any CPU
		{47E1E406-EC04-4318-B138-FDD578D684F0}.Release|Any CPU.Build.0 = Release|Any CPU
	EndGlobalSection
	GlobalSection(SolutionProperties) = preSolution
		HideSolutionNode = FALSE
	EndGlobalSection
	GlobalSection(ExtensibilityGlobals) = postSolution
		SolutionGuid = {732B571C-3C82-4944-BC64-56BD5F4C3171}
	EndGlobalSection
EndGlobal
